// !$*UTF8*$!
{
	archiveVersion = 1;
	classes = {
	};
	objectVersion = 46;
	objects = {

/* Begin PBXBuildFile section */
		C2710F3B1D28E1B8000D3091 /* AppDelegate.swift in Sources */ = {isa = PBXBuildFile; fileRef = C2710F3A1D28E1B8000D3091 /* AppDelegate.swift */; };
		C2710F3D1D28E1B8000D3091 /* ViewController.swift in Sources */ = {isa = PBXBuildFile; fileRef = C2710F3C1D28E1B8000D3091 /* ViewController.swift */; };
		C2710F401D28E1B8000D3091 /* Main.storyboard in Resources */ = {isa = PBXBuildFile; fileRef = C2710F3E1D28E1B8000D3091 /* Main.storyboard */; };
		C2710F431D28E1B8000D3091 /* Callibrant.xcdatamodeld in Sources */ = {isa = PBXBuildFile; fileRef = C2710F411D28E1B8000D3091 /* Callibrant.xcdatamodeld */; };
		C2710F451D28E1B8000D3091 /* Assets.xcassets in Resources */ = {isa = PBXBuildFile; fileRef = C2710F441D28E1B8000D3091 /* Assets.xcassets */; };
		C2710F481D28E1B8000D3091 /* LaunchScreen.storyboard in Resources */ = {isa = PBXBuildFile; fileRef = C2710F461D28E1B8000D3091 /* LaunchScreen.storyboard */; };
/* End PBXBuildFile section */

/* Begin PBXFileReference section */
		C2710F371D28E1B8000D3091 /* Callibrant.app */ = {isa = PBXFileReference; explicitFileType = wrapper.application; includeInIndex = 0; path = Callibrant.app; sourceTree = BUILT_PRODUCTS_DIR; };
		C2710F3A1D28E1B8000D3091 /* AppDelegate.swift */ = {isa = PBXFileReference; lastKnownFileType = sourcecode.swift; path = AppDelegate.swift; sourceTree = "<group>"; };
		C2710F3C1D28E1B8000D3091 /* ViewController.swift */ = {isa = PBXFileReference; lastKnownFileType = sourcecode.swift; path = ViewController.swift; sourceTree = "<group>"; };
		C2710F3F1D28E1B8000D3091 /* Base */ = {isa = PBXFileReference; lastKnownFileType = file.storyboard; name = Base; path = Base.lproj/Main.storyboard; sourceTree = "<group>"; };
		C2710F421D28E1B8000D3091 /* Callibrant.xcdatamodel */ = {isa = PBXFileReference; lastKnownFileType = wrapper.xcdatamodel; path = Callibrant.xcdatamodel; sourceTree = "<group>"; };
		C2710F441D28E1B8000D3091 /* Assets.xcassets */ = {isa = PBXFileReference; lastKnownFileType = folder.assetcatalog; path = Assets.xcassets; sourceTree = "<group>"; };
		C2710F471D28E1B8000D3091 /* Base */ = {isa = PBXFileReference; lastKnownFileType = file.storyboard; name = Base; path = Base.lproj/LaunchScreen.storyboard; sourceTree = "<group>"; };
		C2710F491D28E1B8000D3091 /* Info.plist */ = {isa = PBXFileReference; lastKnownFileType = text.plist.xml; path = Info.plist; sourceTree = "<group>"; };
/* End PBXFileReference section */

/* Begin PBXFrameworksBuildPhase section */
		C2710F341D28E1B8000D3091 /* Frameworks */ = {
			isa = PBXFrameworksBuildPhase;
			buildActionMask = 2147483647;
			files = (
			);
			runOnlyForDeploymentPostprocessing = 0;
		};
/* End PBXFrameworksBuildPhase section */

/* Begin PBXGroup section */
		C2710F2E1D28E1B8000D3091 = {
			isa = PBXGroup;
			children = (
				C2710F391D28E1B8000D3091 /* Callibrant */,
				C2710F381D28E1B8000D3091 /* Products */,
			);
			sourceTree = "<group>";
		};
		C2710F381D28E1B8000D3091 /* Products */ = {
			isa = PBXGroup;
			children = (
				C2710F371D28E1B8000D3091 /* Callibrant.app */,
			);
			name = Products;
			sourceTree = "<group>";
		};
		C2710F391D28E1B8000D3091 /* Callibrant */ = {
			isa = PBXGroup;
			children = (
				C2710F3A1D28E1B8000D3091 /* AppDelegate.swift */,
				C2710F3C1D28E1B8000D3091 /* ViewController.swift */,
				C2710F3E1D28E1B8000D3091 /* Main.storyboard */,
				C2710F441D28E1B8000D3091 /* Assets.xcassets */,
				C2710F461D28E1B8000D3091 /* LaunchScreen.storyboard */,
				C2710F491D28E1B8000D3091 /* Info.plist */,
				C2710F411D28E1B8000D3091 /* Callibrant.xcdatamodeld */,
			);
			path = Callibrant;
			sourceTree = "<group>";
		};
/* End PBXGroup section */

/* Begin PBXNativeTarget section */
		C2710F361D28E1B8000D3091 /* Callibrant */ = {
			isa = PBXNativeTarget;
			buildConfigurationList = C2710F4C1D28E1B8000D3091 /* Build configuration list for PBXNativeTarget "Callibrant" */;
			buildPhases = (
				C2710F331D28E1B8000D3091 /* Sources */,
				C2710F341D28E1B8000D3091 /* Frameworks */,
				C2710F351D28E1B8000D3091 /* Resources */,
			);
			buildRules = (
			);
			dependencies = (
			);
			name = Callibrant;
			productName = Callibrant;
			productReference = C2710F371D28E1B8000D3091 /* Callibrant.app */;
			productType = "com.apple.product-type.application";
		};
/* End PBXNativeTarget section */

/* Begin PBXProject section */
		C2710F2F1D28E1B8000D3091 /* Project object */ = {
			isa = PBXProject;
			attributes = {
				LastSwiftUpdateCheck = 0720;
				LastUpgradeCheck = 0720;
				ORGANIZATIONNAME = "Varun Kumar";
				TargetAttributes = {
					C2710F361D28E1B8000D3091 = {
						CreatedOnToolsVersion = 7.2.1;
						DevelopmentTeam = EV3Q4K6SFL;
						SystemCapabilities = {
							com.apple.Maps.iOS = {
								enabled = 0;
							};
						};
					};
				};
			};
			buildConfigurationList = C2710F321D28E1B8000D3091 /* Build configuration list for PBXProject "Callibrant" */;
			compatibilityVersion = "Xcode 3.2";
			developmentRegion = English;
			hasScannedForEncodings = 0;
			knownRegions = (
				en,
				Base,
			);
			mainGroup = C2710F2E1D28E1B8000D3091;
			productRefGroup = C2710F381D28E1B8000D3091 /* Products */;
			projectDirPath = "";
			projectRoot = "";
			targets = (
				C2710F361D28E1B8000D3091 /* Callibrant */,
			);
		};
/* End PBXProject section */

/* Begin PBXResourcesBuildPhase section */
		C2710F351D28E1B8000D3091 /* Resources */ = {
			isa = PBXResourcesBuildPhase;
			buildActionMask = 2147483647;
			files = (
				C2710F481D28E1B8000D3091 /* LaunchScreen.storyboard in Resources */,
				C2710F451D28E1B8000D3091 /* Assets.xcassets in Resources */,
				C2710F401D28E1B8000D3091 /* Main.storyboard in Resources */,
			);
			runOnlyForDeploymentPostprocessing = 0;
		};
/* End PBXResourcesBuildPhase section */

/* Begin PBXSourcesBuildPhase section */
		C2710F331D28E1B8000D3091 /* Sources */ = {
			isa = PBXSourcesBuildPhase;
			buildActionMask = 2147483647;
			files = (
				C2710F3D1D28E1B8000D3091 /* ViewController.swift in Sources */,
				C2710F431D28E1B8000D3091 /* Callibrant.xcdatamodeld in Sources */,
				C2710F3B1D28E1B8000D3091 /* AppDelegate.swift in Sources */,
			);
			runOnlyForDeploymentPostprocessing = 0;
		};
/* End PBXSourcesBuildPhase section */

/* Begin PBXVariantGroup section */
		C2710F3E1D28E1B8000D3091 /* Main.storyboard */ = {
			isa = PBXVariantGroup;
			children = (
				C2710F3F1D28E1B8000D3091 /* Base */,
			);
			name = Main.storyboard;
			sourceTree = "<group>";
		};
		C2710F461D28E1B8000D3091 /* LaunchScreen.storyboard */ = {
			isa = PBXVariantGroup;
			children = (
				C2710F471D28E1B8000D3091 /* Base */,
			);
			name = LaunchScreen.storyboard;
			sourceTree = "<group>";
		};
/* End PBXVariantGroup section */

/* Begin XCBuildConfiguration section */
		C2710F4A1D28E1B8000D3091 /* Debug */ = {
			isa = XCBuildConfiguration;
			buildSettings = {
				ALWAYS_SEARCH_USER_PATHS = NO;
				CLANG_CXX_LANGUAGE_STANDARD = "gnu++0x";
				CLANG_CXX_LIBRARY = "libc++";
				CLANG_ENABLE_MODULES = YES;
				CLANG_ENABLE_OBJC_ARC = YES;
				CLANG_WARN_BOOL_CONVERSION = YES;
				CLANG_WARN_CONSTANT_CONVERSION = YES;
				CLANG_WARN_DIRECT_OBJC_ISA_USAGE = YES_ERROR;
				CLANG_WARN_EMPTY_BODY = YES;
				CLANG_WARN_ENUM_CONVERSION = YES;
				CLANG_WARN_INT_CONVERSION = YES;
				CLANG_WARN_OBJC_ROOT_CLASS = YES_ERROR;
				CLANG_WARN_UNREACHABLE_CODE = YES;
				CLANG_WARN__DUPLICATE_METHOD_MATCH = YES;
				"CODE_SIGN_IDENTITY[sdk=iphoneos*]" = "iPhone Developer";
				COPY_PHASE_STRIP = NO;
				DEBUG_INFORMATION_FORMAT = dwarf;
				ENABLE_STRICT_OBJC_MSGSEND = YES;
				ENABLE_TESTABILITY = YES;
				GCC_C_LANGUAGE_STANDARD = gnu99;
				GCC_DYNAMIC_NO_PIC = NO;
				GCC_NO_COMMON_BLOCKS = YES;
				GCC_OPTIMIZATION_LEVEL = 0;
				GCC_PREPROCESSOR_DEFINITIONS = (
					"DEBUG=1",
					"$(inherited)",
				);
				GCC_WARN_64_TO_32_BIT_CONVERSION = YES;
				GCC_WARN_ABOUT_RETURN_TYPE = YES_ERROR;
				GCC_WARN_UNDECLARED_SELECTOR = YES;
				GCC_WARN_UNINITIALIZED_AUTOS = YES_AGGRESSIVE;
				GCC_WARN_UNUSED_FUNCTION = YES;
				GCC_WARN_UNUSED_VARIABLE = YES;
				IPHONEOS_DEPLOYMENT_TARGET = 9.2;
				MTL_ENABLE_DEBUG_INFO = YES;
				ONLY_ACTIVE_ARCH = YES;
				SDKROOT = iphoneos;
				SWIFT_OPTIMIZATION_LEVEL = "-Onone";
			};
			name = Debug;
		};
		C2710F4B1D28E1B8000D3091 /* Release */ = {
			isa = XCBuildConfiguration;
			buildSettings = {
				ALWAYS_SEARCH_USER_PATHS = NO;
				CLANG_CXX_LANGUAGE_STANDARD = "gnu++0x";
				CLANG_CXX_LIBRARY = "libc++";
				CLANG_ENABLE_MODULES = YES;
				CLANG_ENABLE_OBJC_ARC = YES;
				CLANG_WARN_BOOL_CONVERSION = YES;
				CLANG_WARN_CONSTANT_CONVERSION = YES;
				CLANG_WARN_DIRECT_OBJC_ISA_USAGE = YES_ERROR;
				CLANG_WARN_EMPTY_BODY = YES;
				CLANG_WARN_ENUM_CONVERSION = YES;
				CLANG_WARN_INT_CONVERSION = YES;
				CLANG_WARN_OBJC_ROOT_CLASS = YES_ERROR;
				CLANG_WARN_UNREACHABLE_CODE = YES;
				CLANG_WARN__DUPLICATE_METHOD_MATCH = YES;
				"CODE_SIGN_IDENTITY[sdk=iphoneos*]" = "iPhone Developer";
				COPY_PHASE_STRIP = NO;
				DEBUG_INFORMATION_FORMAT = "dwarf-with-dsym";
				ENABLE_NS_ASSERTIONS = NO;
				ENABLE_STRICT_OBJC_MSGSEND = YES;
				GCC_C_LANGUAGE_STANDARD = gnu99;
				GCC_NO_COMMON_BLOCKS = YES;
				GCC_WARN_64_TO_32_BIT_CONVERSION = YES;
				GCC_WARN_ABOUT_RETURN_TYPE = YES_ERROR;
				GCC_WARN_UNDECLARED_SELECTOR = YES;
				GCC_WARN_UNINITIALIZED_AUTOS = YES_AGGRESSIVE;
				GCC_WARN_UNUSED_FUNCTION = YES;
				GCC_WARN_UNUSED_VARIABLE = YES;
				IPHONEOS_DEPLOYMENT_TARGET = 9.2;
				MTL_ENABLE_DEBUG_INFO = NO;
				SDKROOT = iphoneos;
				VALIDATE_PRODUCT = YES;
			};
			name = Release;
		};
		C2710F4D1D28E1B8000D3091 /* Debug */ = {
			isa = XCBuildConfiguration;
			buildSettings = {
				ASSETCATALOG_COMPILER_APPICON_NAME = AppIcon;
				CODE_SIGN_IDENTITY = "iPhone Developer";
				INFOPLIST_FILE = Callibrant/Info.plist;
				LD_RUNPATH_SEARCH_PATHS = "$(inherited) @executable_path/Frameworks";
				PRODUCT_BUNDLE_IDENTIFIER = com.Callibrant;
				PRODUCT_NAME = "$(TARGET_NAME)";
				TARGETED_DEVICE_FAMILY = 1;
			};
			name = Debug;
		};
		C2710F4E1D28E1B8000D3091 /* Release */ = {
			isa = XCBuildConfiguration;
			buildSettings = {
				ASSETCATALOG_COMPILER_APPICON_NAME = AppIcon;
				CODE_SIGN_IDENTITY = "iPhone Developer";
				INFOPLIST_FILE = Callibrant/Info.plist;
				LD_RUNPATH_SEARCH_PATHS = "$(inherited) @executable_path/Frameworks";
				PRODUCT_BUNDLE_IDENTIFIER = com.Callibrant;
				PRODUCT_NAME = "$(TARGET_NAME)";
				TARGETED_DEVICE_FAMILY = 1;
			};
			name = Release;
		};
/* End XCBuildConfiguration section */

/* Begin XCConfigurationList section */
		C2710F321D28E1B8000D3091 /* Build configuration list for PBXProject "Callibrant" */ = {
			isa = XCConfigurationList;
			buildConfigurations = (
				C2710F4A1D28E1B8000D3091 /* Debug */,
				C2710F4B1D28E1B8000D3091 /* Release */,
			);
			defaultConfigurationIsVisible = 0;
			defaultConfigurationName = Release;
		};
		C2710F4C1D28E1B8000D3091 /* Build configuration list for PBXNativeTarget "Callibrant" */ = {
			isa = XCConfigurationList;
			buildConfigurations = (
				C2710F4D1D28E1B8000D3091 /* Debug */,
				C2710F4E1D28E1B8000D3091 /* Release */,
			);
			defaultConfigurationIsVisible = 0;
			defaultConfigurationName = Release;
		};
/* End XCConfigurationList section */

/* Begin XCVersionGroup section */
		C2710F411D28E1B8000D3091 /* Callibrant.xcdatamodeld */ = {
			isa = XCVersionGroup;
			children = (
				C2710F421D28E1B8000D3091 /* Callibrant.xcdatamodel */,
			);
			currentVersion = C2710F421D28E1B8000D3091 /* Callibrant.xcdatamodel */;
			path = Callibrant.xcdatamodeld;
			sourceTree = "<group>";
			versionGroupType = wrapper.xcdatamodel;
		};
/* End XCVersionGroup section */
	};
	rootObject = C2710F2F1D28E1B8000D3091 /* Project object */;
}
